// !$*UTF8*$!
{
	archiveVersion = 1;
	classes = {
	};
	objectVersion = 56;
	objects = {

/* Begin PBXBuildFile section */
		523C2BCC2900240A0041F9BE /* AppDelegate.swift in Sources */ = {isa = PBXBuildFile; fileRef = 523C2BCB2900240A0041F9BE /* AppDelegate.swift */; };
		523C2BCE2900240A0041F9BE /* SceneDelegate.swift in Sources */ = {isa = PBXBuildFile; fileRef = 523C2BCD2900240A0041F9BE /* SceneDelegate.swift */; };
		523C2BD02900240A0041F9BE /* WeatherViewController.swift in Sources */ = {isa = PBXBuildFile; fileRef = 523C2BCF2900240A0041F9BE /* WeatherViewController.swift */; };
		523C2BD32900240A0041F9BE /* Main.storyboard in Resources */ = {isa = PBXBuildFile; fileRef = 523C2BD12900240A0041F9BE /* Main.storyboard */; };
		523C2BD52900240D0041F9BE /* Assets.xcassets in Resources */ = {isa = PBXBuildFile; fileRef = 523C2BD42900240D0041F9BE /* Assets.xcassets */; };
		523C2BD82900240D0041F9BE /* LaunchScreen.storyboard in Resources */ = {isa = PBXBuildFile; fileRef = 523C2BD62900240D0041F9BE /* LaunchScreen.storyboard */; };
		523C2BE329002FE80041F9BE /* WeatherViewModel.swift in Sources */ = {isa = PBXBuildFile; fileRef = 523C2BE229002FE80041F9BE /* WeatherViewModel.swift */; };
		523C2BE529002FF70041F9BE /* WeatherModel.swift in Sources */ = {isa = PBXBuildFile; fileRef = 523C2BE429002FF70041F9BE /* WeatherModel.swift */; };
		523C2BE829003F110041F9BE /* APIHelper.swift in Sources */ = {isa = PBXBuildFile; fileRef = 523C2BE729003F110041F9BE /* APIHelper.swift */; };
		523C2BEA2900435E0041F9BE /* CityModel.swift in Sources */ = {isa = PBXBuildFile; fileRef = 523C2BE92900435E0041F9BE /* CityModel.swift */; };
		523C2BEC290050530041F9BE /* CoordinatesModel.swift in Sources */ = {isa = PBXBuildFile; fileRef = 523C2BEB290050530041F9BE /* CoordinatesModel.swift */; };
/* End PBXBuildFile section */

/* Begin PBXFileReference section */
		523C2BC82900240A0041F9BE /* Weather.app */ = {isa = PBXFileReference; explicitFileType = wrapper.application; includeInIndex = 0; path = Weather.app; sourceTree = BUILT_PRODUCTS_DIR; };
		523C2BCB2900240A0041F9BE /* AppDelegate.swift */ = {isa = PBXFileReference; lastKnownFileType = sourcecode.swift; path = AppDelegate.swift; sourceTree = "<group>"; };
		523C2BCD2900240A0041F9BE /* SceneDelegate.swift */ = {isa = PBXFileReference; lastKnownFileType = sourcecode.swift; path = SceneDelegate.swift; sourceTree = "<group>"; };
		523C2BCF2900240A0041F9BE /* WeatherViewController.swift */ = {isa = PBXFileReference; lastKnownFileType = sourcecode.swift; path = WeatherViewController.swift; sourceTree = "<group>"; };
		523C2BD22900240A0041F9BE /* Base */ = {isa = PBXFileReference; lastKnownFileType = file.storyboard; name = Base; path = Base.lproj/Main.storyboard; sourceTree = "<group>"; };
		523C2BD42900240D0041F9BE /* Assets.xcassets */ = {isa = PBXFileReference; lastKnownFileType = folder.assetcatalog; path = Assets.xcassets; sourceTree = "<group>"; };
		523C2BD72900240D0041F9BE /* Base */ = {isa = PBXFileReference; lastKnownFileType = file.storyboard; name = Base; path = Base.lproj/LaunchScreen.storyboard; sourceTree = "<group>"; };
		523C2BD92900240D0041F9BE /* Info.plist */ = {isa = PBXFileReference; lastKnownFileType = text.plist.xml; path = Info.plist; sourceTree = "<group>"; };
		523C2BE229002FE80041F9BE /* WeatherViewModel.swift */ = {isa = PBXFileReference; lastKnownFileType = sourcecode.swift; path = WeatherViewModel.swift; sourceTree = "<group>"; };
		523C2BE429002FF70041F9BE /* WeatherModel.swift */ = {isa = PBXFileReference; lastKnownFileType = sourcecode.swift; path = WeatherModel.swift; sourceTree = "<group>"; };
		523C2BE729003F110041F9BE /* APIHelper.swift */ = {isa = PBXFileReference; lastKnownFileType = sourcecode.swift; path = APIHelper.swift; sourceTree = "<group>"; };
		523C2BE92900435E0041F9BE /* CityModel.swift */ = {isa = PBXFileReference; lastKnownFileType = sourcecode.swift; path = CityModel.swift; sourceTree = "<group>"; };
		523C2BEB290050530041F9BE /* CoordinatesModel.swift */ = {isa = PBXFileReference; lastKnownFileType = sourcecode.swift; path = CoordinatesModel.swift; sourceTree = "<group>"; };
/* End PBXFileReference section */

/* Begin PBXFrameworksBuildPhase section */
		523C2BC52900240A0041F9BE /* Frameworks */ = {
			isa = PBXFrameworksBuildPhase;
			buildActionMask = 2147483647;
			files = (
			);
			runOnlyForDeploymentPostprocessing = 0;
		};
/* End PBXFrameworksBuildPhase section */

/* Begin PBXGroup section */
		523C2BBF2900240A0041F9BE = {
			isa = PBXGroup;
			children = (
				523C2BCA2900240A0041F9BE /* Weather */,
				523C2BC92900240A0041F9BE /* Products */,
			);
			sourceTree = "<group>";
		};
		523C2BC92900240A0041F9BE /* Products */ = {
			isa = PBXGroup;
			children = (
				523C2BC82900240A0041F9BE /* Weather.app */,
			);
			name = Products;
			sourceTree = "<group>";
		};
		523C2BCA2900240A0041F9BE /* Weather */ = {
			isa = PBXGroup;
			children = (
				523C2BCB2900240A0041F9BE /* AppDelegate.swift */,
				523C2BCD2900240A0041F9BE /* SceneDelegate.swift */,
				523C2BE029002E7A0041F9BE /* Model */,
				523C2BDF29002E6D0041F9BE /* View */,
				523C2BE129002E810041F9BE /* ViewModel */,
				523C2BE629003EFA0041F9BE /* APIManager */,
				523C2BD12900240A0041F9BE /* Main.storyboard */,
				523C2BD42900240D0041F9BE /* Assets.xcassets */,
				523C2BD62900240D0041F9BE /* LaunchScreen.storyboard */,
				523C2BD92900240D0041F9BE /* Info.plist */,
			);
			path = Weather;
			sourceTree = "<group>";
		};
		523C2BDF29002E6D0041F9BE /* View */ = {
			isa = PBXGroup;
			children = (
				523C2BCF2900240A0041F9BE /* WeatherViewController.swift */,
			);
			path = View;
			sourceTree = "<group>";
		};
		523C2BE029002E7A0041F9BE /* Model */ = {
			isa = PBXGroup;
			children = (
				523C2BE429002FF70041F9BE /* WeatherModel.swift */,
				523C2BE92900435E0041F9BE /* CityModel.swift */,
				523C2BEB290050530041F9BE /* CoordinatesModel.swift */,
			);
			path = Model;
			sourceTree = "<group>";
		};
		523C2BE129002E810041F9BE /* ViewModel */ = {
			isa = PBXGroup;
			children = (
				523C2BE229002FE80041F9BE /* WeatherViewModel.swift */,
			);
			path = ViewModel;
			sourceTree = "<group>";
		};
		523C2BE629003EFA0041F9BE /* APIManager */ = {
			isa = PBXGroup;
			children = (
				523C2BE729003F110041F9BE /* APIHelper.swift */,
			);
			path = APIManager;
			sourceTree = "<group>";
		};
/* End PBXGroup section */

/* Begin PBXNativeTarget section */
		523C2BC72900240A0041F9BE /* Weather */ = {
			isa = PBXNativeTarget;
			buildConfigurationList = 523C2BDC2900240D0041F9BE /* Build configuration list for PBXNativeTarget "Weather" */;
			buildPhases = (
				523C2BC42900240A0041F9BE /* Sources */,
				523C2BC52900240A0041F9BE /* Frameworks */,
				523C2BC62900240A0041F9BE /* Resources */,
			);
			buildRules = (
			);
			dependencies = (
			);
			name = Weather;
			productName = Weather;
			productReference = 523C2BC82900240A0041F9BE /* Weather.app */;
			productType = "com.apple.product-type.application";
		};
/* End PBXNativeTarget section */

/* Begin PBXProject section */
		523C2BC02900240A0041F9BE /* Project object */ = {
			isa = PBXProject;
			attributes = {
				BuildIndependentTargetsInParallel = 1;
				LastSwiftUpdateCheck = 1400;
				LastUpgradeCheck = 1400;
				TargetAttributes = {
					523C2BC72900240A0041F9BE = {
						CreatedOnToolsVersion = 14.0.1;
					};
				};
			};
			buildConfigurationList = 523C2BC32900240A0041F9BE /* Build configuration list for PBXProject "Weather" */;
			compatibilityVersion = "Xcode 14.0";
			developmentRegion = en;
			hasScannedForEncodings = 0;
			knownRegions = (
				en,
				Base,
			);
			mainGroup = 523C2BBF2900240A0041F9BE;
			productRefGroup = 523C2BC92900240A0041F9BE /* Products */;
			projectDirPath = "";
			projectRoot = "";
			targets = (
				523C2BC72900240A0041F9BE /* Weather */,
			);
		};
/* End PBXProject section */

/* Begin PBXResourcesBuildPhase section */
		523C2BC62900240A0041F9BE /* Resources */ = {
			isa = PBXResourcesBuildPhase;
			buildActionMask = 2147483647;
			files = (
				523C2BD82900240D0041F9BE /* LaunchScreen.storyboard in Resources */,
				523C2BD52900240D0041F9BE /* Assets.xcassets in Resources */,
				523C2BD32900240A0041F9BE /* Main.storyboard in Resources */,
			);
			runOnlyForDeploymentPostprocessing = 0;
		};
/* End PBXResourcesBuildPhase section */

/* Begin PBXSourcesBuildPhase section */
		523C2BC42900240A0041F9BE /* Sources */ = {
			isa = PBXSourcesBuildPhase;
			buildActionMask = 2147483647;
			files = (
				523C2BE829003F110041F9BE /* APIHelper.swift in Sources */,
				523C2BD02900240A0041F9BE /* WeatherViewController.swift in Sources */,
				523C2BE329002FE80041F9BE /* WeatherViewModel.swift in Sources */,
				523C2BCC2900240A0041F9BE /* AppDelegate.swift in Sources */,
				523C2BCE2900240A0041F9BE /* SceneDelegate.swift in Sources */,
				523C2BEC290050530041F9BE /* CoordinatesModel.swift in Sources */,
				523C2BE529002FF70041F9BE /* WeatherModel.swift in Sources */,
				523C2BEA2900435E0041F9BE /* CityModel.swift in Sources */,
			);
			runOnlyForDeploymentPostprocessing = 0;
		};
/* End PBXSourcesBuildPhase section */

/* Begin PBXVariantGroup section */
		523C2BD12900240A0041F9BE /* Main.storyboard */ = {
			isa = PBXVariantGroup;
			children = (
				523C2BD22900240A0041F9BE /* Base */,
			);
			name = Main.storyboard;
			sourceTree = "<group>";
		};
		523C2BD62900240D0041F9BE /* LaunchScreen.storyboard */ = {
			isa = PBXVariantGroup;
			children = (
				523C2BD72900240D0041F9BE /* Base */,
			);
			name = LaunchScreen.storyboard;
			sourceTree = "<group>";
		};
/* End PBXVariantGroup section */

/* Begin XCBuildConfiguration section */
		523C2BDA2900240D0041F9BE /* Debug */ = {
			isa = XCBuildConfiguration;
			buildSettings = {
				ALWAYS_SEARCH_USER_PATHS = NO;
				CLANG_ANALYZER_NONNULL = YES;
				CLANG_ANALYZER_NUMBER_OBJECT_CONVERSION = YES_AGGRESSIVE;
				CLANG_CXX_LANGUAGE_STANDARD = "gnu++20";
				CLANG_ENABLE_MODULES = YES;
				CLANG_ENABLE_OBJC_ARC = YES;
				CLANG_ENABLE_OBJC_WEAK = YES;
				CLANG_WARN_BLOCK_CAPTURE_AUTORELEASING = YES;
				CLANG_WARN_BOOL_CONVERSION = YES;
				CLANG_WARN_COMMA = YES;
				CLANG_WARN_CONSTANT_CONVERSION = YES;
				CLANG_WARN_DEPRECATED_OBJC_IMPLEMENTATIONS = YES;
				CLANG_WARN_DIRECT_OBJC_ISA_USAGE = YES_ERROR;
				CLANG_WARN_DOCUMENTATION_COMMENTS = YES;
				CLANG_WARN_EMPTY_BODY = YES;
				CLANG_WARN_ENUM_CONVERSION = YES;
				CLANG_WARN_INFINITE_RECURSION = YES;
				CLANG_WARN_INT_CONVERSION = YES;
				CLANG_WARN_NON_LITERAL_NULL_CONVERSION = YES;
				CLANG_WARN_OBJC_IMPLICIT_RETAIN_SELF = YES;
				CLANG_WARN_OBJC_LITERAL_CONVERSION = YES;
				CLANG_WARN_OBJC_ROOT_CLASS = YES_ERROR;
				CLANG_WARN_QUOTED_INCLUDE_IN_FRAMEWORK_HEADER = YES;
				CLANG_WARN_RANGE_LOOP_ANALYSIS = YES;
				CLANG_WARN_STRICT_PROTOTYPES = YES;
				CLANG_WARN_SUSPICIOUS_MOVE = YES;
				CLANG_WARN_UNGUARDED_AVAILABILITY = YES_AGGRESSIVE;
				CLANG_WARN_UNREACHABLE_CODE = YES;
				CLANG_WARN__DUPLICATE_METHOD_MATCH = YES;
				COPY_PHASE_STRIP = NO;
				DEBUG_INFORMATION_FORMAT = dwarf;
				ENABLE_STRICT_OBJC_MSGSEND = YES;
				ENABLE_TESTABILITY = YES;
				GCC_C_LANGUAGE_STANDARD = gnu11;
				GCC_DYNAMIC_NO_PIC = NO;
				GCC_NO_COMMON_BLOCKS = YES;
				GCC_OPTIMIZATION_LEVEL = 0;
				GCC_PREPROCESSOR_DEFINITIONS = (
					"DEBUG=1",
					"$(inherited)",
				);
				GCC_WARN_64_TO_32_BIT_CONVERSION = YES;
				GCC_WARN_ABOUT_RETURN_TYPE = YES_ERROR;
				GCC_WARN_UNDECLARED_SELECTOR = YES;
				GCC_WARN_UNINITIALIZED_AUTOS = YES_AGGRESSIVE;
				GCC_WARN_UNUSED_FUNCTION = YES;
				GCC_WARN_UNUSED_VARIABLE = YES;
				IPHONEOS_DEPLOYMENT_TARGET = 16.0;
				MTL_ENABLE_DEBUG_INFO = INCLUDE_SOURCE;
				MTL_FAST_MATH = YES;
				ONLY_ACTIVE_ARCH = YES;
				SDKROOT = iphoneos;
				SWIFT_ACTIVE_COMPILATION_CONDITIONS = DEBUG;
				SWIFT_OPTIMIZATION_LEVEL = "-Onone";
			};
			name = Debug;
		};
		523C2BDB2900240D0041F9BE /* Release */ = {
			isa = XCBuildConfiguration;
			buildSettings = {
				ALWAYS_SEARCH_USER_PATHS = NO;
				CLANG_ANALYZER_NONNULL = YES;
				CLANG_ANALYZER_NUMBER_OBJECT_CONVERSION = YES_AGGRESSIVE;
				CLANG_CXX_LANGUAGE_STANDARD = "gnu++20";
				CLANG_ENABLE_MODULES = YES;
				CLANG_ENABLE_OBJC_ARC = YES;
				CLANG_ENABLE_OBJC_WEAK = YES;
				CLANG_WARN_BLOCK_CAPTURE_AUTORELEASING = YES;
				CLANG_WARN_BOOL_CONVERSION = YES;
				CLANG_WARN_COMMA = YES;
				CLANG_WARN_CONSTANT_CONVERSION = YES;
				CLANG_WARN_DEPRECATED_OBJC_IMPLEMENTATIONS = YES;
				CLANG_WARN_DIRECT_OBJC_ISA_USAGE = YES_ERROR;
				CLANG_WARN_DOCUMENTATION_COMMENTS = YES;
				CLANG_WARN_EMPTY_BODY = YES;
				CLANG_WARN_ENUM_CONVERSION = YES;
				CLANG_WARN_INFINITE_RECURSION = YES;
				CLANG_WARN_INT_CONVERSION = YES;
				CLANG_WARN_NON_LITERAL_NULL_CONVERSION = YES;
				CLANG_WARN_OBJC_IMPLICIT_RETAIN_SELF = YES;
				CLANG_WARN_OBJC_LITERAL_CONVERSION = YES;
				CLANG_WARN_OBJC_ROOT_CLASS = YES_ERROR;
				CLANG_WARN_QUOTED_INCLUDE_IN_FRAMEWORK_HEADER = YES;
				CLANG_WARN_RANGE_LOOP_ANALYSIS = YES;
				CLANG_WARN_STRICT_PROTOTYPES = YES;
				CLANG_WARN_SUSPICIOUS_MOVE = YES;
				CLANG_WARN_UNGUARDED_AVAILABILITY = YES_AGGRESSIVE;
				CLANG_WARN_UNREACHABLE_CODE = YES;
				CLANG_WARN__DUPLICATE_METHOD_MATCH = YES;
				COPY_PHASE_STRIP = NO;
				DEBUG_INFORMATION_FORMAT = "dwarf-with-dsym";
				ENABLE_NS_ASSERTIONS = NO;
				ENABLE_STRICT_OBJC_MSGSEND = YES;
				GCC_C_LANGUAGE_STANDARD = gnu11;
				GCC_NO_COMMON_BLOCKS = YES;
				GCC_WARN_64_TO_32_BIT_CONVERSION = YES;
				GCC_WARN_ABOUT_RETURN_TYPE = YES_ERROR;
				GCC_WARN_UNDECLARED_SELECTOR = YES;
				GCC_WARN_UNINITIALIZED_AUTOS = YES_AGGRESSIVE;
				GCC_WARN_UNUSED_FUNCTION = YES;
				GCC_WARN_UNUSED_VARIABLE = YES;
				IPHONEOS_DEPLOYMENT_TARGET = 16.0;
				MTL_ENABLE_DEBUG_INFO = NO;
				MTL_FAST_MATH = YES;
				SDKROOT = iphoneos;
				SWIFT_COMPILATION_MODE = wholemodule;
				SWIFT_OPTIMIZATION_LEVEL = "-O";
				VALIDATE_PRODUCT = YES;
			};
			name = Release;
		};
		523C2BDD2900240D0041F9BE /* Debug */ = {
			isa = XCBuildConfiguration;
			buildSettings = {
				ASSETCATALOG_COMPILER_APPICON_NAME = AppIcon;
				ASSETCATALOG_COMPILER_GLOBAL_ACCENT_COLOR_NAME = AccentColor;
				CODE_SIGN_STYLE = Automatic;
				CURRENT_PROJECT_VERSION = 1;
				DEVELOPMENT_TEAM = 7MQ68ZX83S;
				GENERATE_INFOPLIST_FILE = YES;
				INFOPLIST_FILE = Weather/Info.plist;
				INFOPLIST_KEY_UIApplicationSupportsIndirectInputEvents = YES;
				INFOPLIST_KEY_UILaunchStoryboardName = LaunchScreen;
				INFOPLIST_KEY_UIMainStoryboardFile = Main;
				INFOPLIST_KEY_UISupportedInterfaceOrientations_iPad = "UIInterfaceOrientationPortrait UIInterfaceOrientationPortraitUpsideDown UIInterfaceOrientationLandscapeLeft UIInterfaceOrientationLandscapeRight";
				INFOPLIST_KEY_UISupportedInterfaceOrientations_iPhone = "UIInterfaceOrientationPortrait UIInterfaceOrientationLandscapeLeft UIInterfaceOrientationLandscapeRight";
				IPHONEOS_DEPLOYMENT_TARGET = 14.0;
				LD_RUNPATH_SEARCH_PATHS = (
					"$(inherited)",
					"@executable_path/Frameworks",
				);
				MARKETING_VERSION = 1.0;
				PRODUCT_BUNDLE_IDENTIFIER = com.ganarajsavant.weather.Weather;
				PRODUCT_NAME = "$(TARGET_NAME)";
				SWIFT_EMIT_LOC_STRINGS = YES;
				SWIFT_VERSION = 5.0;
				TARGETED_DEVICE_FAMILY = "1,2";
			};
			name = Debug;
		};
		523C2BDE2900240D0041F9BE /* Release */ = {
			isa = XCBuildConfiguration;
			buildSettings = {
				ASSETCATALOG_COMPILER_APPICON_NAME = AppIcon;
				ASSETCATALOG_COMPILER_GLOBAL_ACCENT_COLOR_NAME = AccentColor;
				CODE_SIGN_STYLE = Automatic;
				CURRENT_PROJECT_VERSION = 1;
				DEVELOPMENT_TEAM = 7MQ68ZX83S;
				GENERATE_INFOPLIST_FILE = YES;
				INFOPLIST_FILE = Weather/Info.plist;
				INFOPLIST_KEY_UIApplicationSupportsIndirectInputEvents = YES;
				INFOPLIST_KEY_UILaunchStoryboardName = LaunchScreen;
				INFOPLIST_KEY_UIMainStoryboardFile = Main;
				INFOPLIST_KEY_UISupportedInterfaceOrientations_iPad = "UIInterfaceOrientationPortrait UIInterfaceOrientationPortraitUpsideDown UIInterfaceOrientationLandscapeLeft UIInterfaceOrientationLandscapeRight";
				INFOPLIST_KEY_UISupportedInterfaceOrientations_iPhone = "UIInterfaceOrientationPortrait UIInterfaceOrientationLandscapeLeft UIInterfaceOrientationLandscapeRight";
				IPHONEOS_DEPLOYMENT_TARGET = 14.0;
				LD_RUNPATH_SEARCH_PATHS = (
					"$(inherited)",
					"@executable_path/Frameworks",
				);
				MARKETING_VERSION = 1.0;
				PRODUCT_BUNDLE_IDENTIFIER = com.ganarajsavant.weather.Weather;
				PRODUCT_NAME = "$(TARGET_NAME)";
				SWIFT_EMIT_LOC_STRINGS = YES;
				SWIFT_VERSION = 5.0;
				TARGETED_DEVICE_FAMILY = "1,2";
			};
			name = Release;
		};
/* End XCBuildConfiguration section */

/* Begin XCConfigurationList section */
		523C2BC32900240A0041F9BE /* Build configuration list for PBXProject "Weather" */ = {
			isa = XCConfigurationList;
			buildConfigurations = (
				523C2BDA2900240D0041F9BE /* Debug */,
				523C2BDB2900240D0041F9BE /* Release */,
			);
			defaultConfigurationIsVisible = 0;
			defaultConfigurationName = Release;
		};
		523C2BDC2900240D0041F9BE /* Build configuration list for PBXNativeTarget "Weather" */ = {
			isa = XCConfigurationList;
			buildConfigurations = (
				523C2BDD2900240D0041F9BE /* Debug */,
				523C2BDE2900240D0041F9BE /* Release */,
			);
			defaultConfigurationIsVisible = 0;
			defaultConfigurationName = Release;
		};
/* End XCConfigurationList section */
	};
	rootObject = 523C2BC02900240A0041F9BE /* Project object */;
}
